
Microsoft Visual Studio Solution File, Format Version 11.00
# Visual Studio 2010
Project("{FAE04EC0-301F-11D3-BF4B-00C04F79EFBC}") = "TTTT", "TTTT.csproj", "{544D1591-F06A-4022-8625-6E46364DF094}"
EndProject
Project("{FAE04EC0-301F-11D3-BF4B-00C04F79EFBC}") = "DCafe", "..\DCafe\DCafe.csproj", "{C278FE14-50CD-44BA-A392-9566065669C4}"
EndProject
Global
	GlobalSection(SolutionConfigurationPlatforms) = preSolution
		Debug|Any CPU = Debug|Any CPU
		Debug|Mixed Platforms = Debug|Mixed Platforms
		Debug|x86 = Debug|x86
		Release|Any CPU = Release|Any CPU
		Release|Mixed Platforms = Release|Mixed Platforms
		Release|x86 = Release|x86
	EndGlobalSection
	GlobalSection(ProjectConfigurationPlatforms) = postSolution
		{544D1591-F06A-4022-8625-6E46364DF094}.Debug|Any CPU.ActiveCfg = Debug|Any CPU
		{544D1591-F06A-4022-8625-6E46364DF094}.Debug|Any CPU.Build.0 = Debug|Any CPU
		{544D1591-F06A-4022-8625-6E46364DF094}.Debug|Mixed Platforms.ActiveCfg = Debug|Any CPU
		{544D1591-F06A-4022-8625-6E46364DF094}.Debug|Mixed Platforms.Build.0 = Debug|Any CPU
		{544D1591-F06A-4022-8625-6E46364DF094}.Debug|x86.ActiveCfg = Debug|Any CPU
		{544D1591-F06A-4022-8625-6E46364DF094}.Release|Any CPU.ActiveCfg = Release|Any CPU
		{544D1591-F06A-4022-8625-6E46364DF094}.Release|Any CPU.Build.0 = Release|Any CPU
		{544D1591-F06A-4022-8625-6E46364DF094}.Release|Mixed Platforms.ActiveCfg = Release|Any CPU
		{544D1591-F06A-4022-8625-6E46364DF094}.Release|Mixed Platforms.Build.0 = Release|Any CPU
		{544D1591-F06A-4022-8625-6E46364DF094}.Release|x86.ActiveCfg = Release|Any CPU
		{C278FE14-50CD-44BA-A392-9566065669C4}.Debug|Any CPU.ActiveCfg = Debug|Any CPU
		{C278FE14-50CD-44BA-A392-9566065669C4}.Debug|Any CPU.Build.0 = Debug|Any CPU
		{C278FE14-50CD-44BA-A392-9566065669C4}.Debug|Mixed Platforms.ActiveCfg = Debug|x86
		{C278FE14-50CD-44BA-A392-9566065669C4}.Debug|Mixed Platforms.Build.0 = Debug|x86
		{C278FE14-50CD-44BA-A392-9566065669C4}.Debug|x86.ActiveCfg = Debug|x86
		{C278FE14-50CD-44BA-A392-9566065669C4}.Debug|x86.Build.0 = Debug|x86
		{C278FE14-50CD-44BA-A392-9566065669C4}.Release|Any CPU.ActiveCfg = Release|x86
		{C278FE14-50CD-44BA-A392-9566065669C4}.Release|Mixed Platforms.ActiveCfg = Release|x86
		{C278FE14-50CD-44BA-A392-9566065669C4}.Release|Mixed Platforms.Build.0 = Release|x86
		{C278FE14-50CD-44BA-A392-9566065669C4}.Release|x86.ActiveCfg = Release|x86
		{C278FE14-50CD-44BA-A392-9566065669C4}.Release|x86.Build.0 = Release|x86
	EndGlobalSection
	GlobalSection(SolutionProperties) = preSolution
		HideSolutionNode = FALSE
	EndGlobalSection
EndGlobal
